// !$*UTF8*$!
{
	archiveVersion = 1;
	classes = {
	};
	objectVersion = 46;
	objects = {

/* Begin PBXBuildFile section */
		2C2FE0BD1D78C31E0046EBCC /* AppDelegate.swift in Sources */ = {isa = PBXBuildFile; fileRef = 2C2FE0BC1D78C31E0046EBCC /* AppDelegate.swift */; };
		2C2FE0BF1D78C31E0046EBCC /* ViewController.swift in Sources */ = {isa = PBXBuildFile; fileRef = 2C2FE0BE1D78C31E0046EBCC /* ViewController.swift */; };
		2C2FE0C21D78C31E0046EBCC /* Main.storyboard in Resources */ = {isa = PBXBuildFile; fileRef = 2C2FE0C01D78C31E0046EBCC /* Main.storyboard */; };
		2C2FE0C41D78C31E0046EBCC /* Assets.xcassets in Resources */ = {isa = PBXBuildFile; fileRef = 2C2FE0C31D78C31E0046EBCC /* Assets.xcassets */; };
		2C2FE0C71D78C31E0046EBCC /* LaunchScreen.storyboard in Resources */ = {isa = PBXBuildFile; fileRef = 2C2FE0C51D78C31E0046EBCC /* LaunchScreen.storyboard */; };
		2C4D16491D7E31C7004A514D /* TableData.plist in Resources */ = {isa = PBXBuildFile; fileRef = 2C4D16481D7E31C7004A514D /* TableData.plist */; };
		2CBE56CA1D7B7B0800652F86 /* vc2.swift in Sources */ = {isa = PBXBuildFile; fileRef = 2CBE56C91D7B7B0800652F86 /* vc2.swift */; };
/* End PBXBuildFile section */

/* Begin PBXFileReference section */
		2C2FE0B91D78C31E0046EBCC /* quiz_3.app */ = {isa = PBXFileReference; explicitFileType = wrapper.application; includeInIndex = 0; path = quiz_3.app; sourceTree = BUILT_PRODUCTS_DIR; };
		2C2FE0BC1D78C31E0046EBCC /* AppDelegate.swift */ = {isa = PBXFileReference; lastKnownFileType = sourcecode.swift; path = AppDelegate.swift; sourceTree = "<group>"; };
		2C2FE0BE1D78C31E0046EBCC /* ViewController.swift */ = {isa = PBXFileReference; lastKnownFileType = sourcecode.swift; path = ViewController.swift; sourceTree = "<group>"; };
		2C2FE0C11D78C31E0046EBCC /* Base */ = {isa = PBXFileReference; lastKnownFileType = file.storyboard; name = Base; path = Base.lproj/Main.storyboard; sourceTree = "<group>"; };
		2C2FE0C31D78C31E0046EBCC /* Assets.xcassets */ = {isa = PBXFileReference; lastKnownFileType = folder.assetcatalog; path = Assets.xcassets; sourceTree = "<group>"; };
		2C2FE0C61D78C31E0046EBCC /* Base */ = {isa = PBXFileReference; lastKnownFileType = file.storyboard; name = Base; path = Base.lproj/LaunchScreen.storyboard; sourceTree = "<group>"; };
		2C2FE0C81D78C31E0046EBCC /* Info.plist */ = {isa = PBXFileReference; lastKnownFileType = text.plist.xml; path = Info.plist; sourceTree = "<group>"; };
		2C4D16481D7E31C7004A514D /* TableData.plist */ = {isa = PBXFileReference; fileEncoding = 4; lastKnownFileType = text.plist.xml; path = TableData.plist; sourceTree = "<group>"; };
		2CBE56C91D7B7B0800652F86 /* vc2.swift */ = {isa = PBXFileReference; fileEncoding = 4; lastKnownFileType = sourcecode.swift; path = vc2.swift; sourceTree = "<group>"; };
/* End PBXFileReference section */

/* Begin PBXFrameworksBuildPhase section */
		2C2FE0B61D78C31E0046EBCC /* Frameworks */ = {
			isa = PBXFrameworksBuildPhase;
			buildActionMask = 2147483647;
			files = (
			);
			runOnlyForDeploymentPostprocessing = 0;
		};
/* End PBXFrameworksBuildPhase section */

/* Begin PBXGroup section */
		2C2FE0B01D78C31E0046EBCC = {
			isa = PBXGroup;
			children = (
				2C2FE0BB1D78C31E0046EBCC /* quiz_3 */,
				2C2FE0BA1D78C31E0046EBCC /* Products */,
			);
			sourceTree = "<group>";
		};
		2C2FE0BA1D78C31E0046EBCC /* Products */ = {
			isa = PBXGroup;
			children = (
				2C2FE0B91D78C31E0046EBCC /* quiz_3.app */,
			);
			name = Products;
			sourceTree = "<group>";
		};
		2C2FE0BB1D78C31E0046EBCC /* quiz_3 */ = {
			isa = PBXGroup;
			children = (
				2C2FE0BC1D78C31E0046EBCC /* AppDelegate.swift */,
				2C2FE0BE1D78C31E0046EBCC /* ViewController.swift */,
				2C4D16481D7E31C7004A514D /* TableData.plist */,
				2C2FE0C01D78C31E0046EBCC /* Main.storyboard */,
				2CBE56C91D7B7B0800652F86 /* vc2.swift */,
				2C2FE0C31D78C31E0046EBCC /* Assets.xcassets */,
				2C2FE0C51D78C31E0046EBCC /* LaunchScreen.storyboard */,
				2C2FE0C81D78C31E0046EBCC /* Info.plist */,
			);
			path = quiz_3;
			sourceTree = "<group>";
		};
/* End PBXGroup section */

/* Begin PBXNativeTarget section */
		2C2FE0B81D78C31E0046EBCC /* quiz_3 */ = {
			isa = PBXNativeTarget;
			buildConfigurationList = 2C2FE0CB1D78C31E0046EBCC /* Build configuration list for PBXNativeTarget "quiz_3" */;
			buildPhases = (
				2C2FE0B51D78C31E0046EBCC /* Sources */,
				2C2FE0B61D78C31E0046EBCC /* Frameworks */,
				2C2FE0B71D78C31E0046EBCC /* Resources */,
			);
			buildRules = (
			);
			dependencies = (
			);
			name = quiz_3;
			productName = quiz_3;
			productReference = 2C2FE0B91D78C31E0046EBCC /* quiz_3.app */;
			productType = "com.apple.product-type.application";
		};
/* End PBXNativeTarget section */

/* Begin PBXProject section */
		2C2FE0B11D78C31E0046EBCC /* Project object */ = {
			isa = PBXProject;
			attributes = {
				LastSwiftUpdateCheck = 0730;
				LastUpgradeCheck = 0730;
				ORGANIZATIONNAME = dots;
				TargetAttributes = {
					2C2FE0B81D78C31E0046EBCC = {
						CreatedOnToolsVersion = 7.3.1;
					};
				};
			};
			buildConfigurationList = 2C2FE0B41D78C31E0046EBCC /* Build configuration list for PBXProject "quiz_3" */;
			compatibilityVersion = "Xcode 3.2";
			developmentRegion = English;
			hasScannedForEncodings = 0;
			knownRegions = (
				en,
				Base,
			);
			mainGroup = 2C2FE0B01D78C31E0046EBCC;
			productRefGroup = 2C2FE0BA1D78C31E0046EBCC /* Products */;
			projectDirPath = "";
			projectRoot = "";
			targets = (
				2C2FE0B81D78C31E0046EBCC /* quiz_3 */,
			);
		};
/* End PBXProject section */

/* Begin PBXResourcesBuildPhase section */
		2C2FE0B71D78C31E0046EBCC /* Resources */ = {
			isa = PBXResourcesBuildPhase;
			buildActionMask = 2147483647;
			files = (
				2C2FE0C71D78C31E0046EBCC /* LaunchScreen.storyboard in Resources */,
				2C2FE0C41D78C31E0046EBCC /* Assets.xcassets in Resources */,
				2C2FE0C21D78C31E0046EBCC /* Main.storyboard in Resources */,
				2C4D16491D7E31C7004A514D /* TableData.plist in Resources */,
			);
			runOnlyForDeploymentPostprocessing = 0;
		};
/* End PBXResourcesBuildPhase section */

/* Begin PBXSourcesBuildPhase section */
		2C2FE0B51D78C31E0046EBCC /* Sources */ = {
			isa = PBXSourcesBuildPhase;
			buildActionMask = 2147483647;
			files = (
				2C2FE0BF1D78C31E0046EBCC /* ViewController.swift in Sources */,
				2CBE56CA1D7B7B0800652F86 /* vc2.swift in Sources */,
				2C2FE0BD1D78C31E0046EBCC /* AppDelegate.swift in Sources */,
			);
			runOnlyForDeploymentPostprocessing = 0;
		};
/* End PBXSourcesBuildPhase section */

/* Begin PBXVariantGroup section */
		2C2FE0C01D78C31E0046EBCC /* Main.storyboard */ = {
			isa = PBXVariantGroup;
			children = (
				2C2FE0C11D78C31E0046EBCC /* Base */,
			);
			name = Main.storyboard;
			sourceTree = "<group>";
		};
		2C2FE0C51D78C31E0046EBCC /* LaunchScreen.storyboard */ = {
			isa = PBXVariantGroup;
			children = (
				2C2FE0C61D78C31E0046EBCC /* Base */,
			);
			name = LaunchScreen.storyboard;
			sourceTree = "<group>";
		};
/* End PBXVariantGroup section */

/* Begin XCBuildConfiguration section */
		2C2FE0C91D78C31E0046EBCC /* Debug */ = {
			isa = XCBuildConfiguration;
			buildSettings = {
				ALWAYS_SEARCH_USER_PATHS = NO;
				CLANG_ANALYZER_NONNULL = YES;
				CLANG_CXX_LANGUAGE_STANDARD = "gnu++0x";
				CLANG_CXX_LIBRARY = "libc++";
				CLANG_ENABLE_MODULES = YES;
				CLANG_ENABLE_OBJC_ARC = YES;
				CLANG_WARN_BOOL_CONVERSION = YES;
				CLANG_WARN_CONSTANT_CONVERSION = YES;
				CLANG_WARN_DIRECT_OBJC_ISA_USAGE = YES_ERROR;
				CLANG_WARN_EMPTY_BODY = YES;
				CLANG_WARN_ENUM_CONVERSION = YES;
				CLANG_WARN_INT_CONVERSION = YES;
				CLANG_WARN_OBJC_ROOT_CLASS = YES_ERROR;
				CLANG_WARN_UNREACHABLE_CODE = YES;
				CLANG_WARN__DUPLICATE_METHOD_MATCH = YES;
				"CODE_SIGN_IDENTITY[sdk=iphoneos*]" = "iPhone Developer";
				COPY_PHASE_STRIP = NO;
				DEBUG_INFORMATION_FORMAT = dwarf;
				ENABLE_STRICT_OBJC_MSGSEND = YES;
				ENABLE_TESTABILITY = YES;
				GCC_C_LANGUAGE_STANDARD = gnu99;
				GCC_DYNAMIC_NO_PIC = NO;
				GCC_NO_COMMON_BLOCKS = YES;
				GCC_OPTIMIZATION_LEVEL = 0;
				GCC_PREPROCESSOR_DEFINITIONS = (
					"DEBUG=1",
					"$(inherited)",
				);
				GCC_WARN_64_TO_32_BIT_CONVERSION = YES;
				GCC_WARN_ABOUT_RETURN_TYPE = YES_ERROR;
				GCC_WARN_UNDECLARED_SELECTOR = YES;
				GCC_WARN_UNINITIALIZED_AUTOS = YES_AGGRESSIVE;
				GCC_WARN_UNUSED_FUNCTION = YES;
				GCC_WARN_UNUSED_VARIABLE = YES;
				IPHONEOS_DEPLOYMENT_TARGET = 9.3;
				MTL_ENABLE_DEBUG_INFO = YES;
				ONLY_ACTIVE_ARCH = YES;
				SDKROOT = iphoneos;
				SWIFT_OPTIMIZATION_LEVEL = "-Onone";
			};
			name = Debug;
		};
		2C2FE0CA1D78C31E0046EBCC /* Release */ = {
			isa = XCBuildConfiguration;
			buildSettings = {
				ALWAYS_SEARCH_USER_PATHS = NO;
				CLANG_ANALYZER_NONNULL = YES;
				CLANG_CXX_LANGUAGE_STANDARD = "gnu++0x";
				CLANG_CXX_LIBRARY = "libc++";
				CLANG_ENABLE_MODULES = YES;
				CLANG_ENABLE_OBJC_ARC = YES;
				CLANG_WARN_BOOL_CONVERSION = YES;
				CLANG_WARN_CONSTANT_CONVERSION = YES;
				CLANG_WARN_DIRECT_OBJC_ISA_USAGE = YES_ERROR;
				CLANG_WARN_EMPTY_BODY = YES;
				CLANG_WARN_ENUM_CONVERSION = YES;
				CLANG_WARN_INT_CONVERSION = YES;
				CLANG_WARN_OBJC_ROOT_CLASS = YES_ERROR;
				CLANG_WARN_UNREACHABLE_CODE = YES;
				CLANG_WARN__DUPLICATE_METHOD_MATCH = YES;
				"CODE_SIGN_IDENTITY[sdk=iphoneos*]" = "iPhone Developer";
				COPY_PHASE_STRIP = NO;
				DEBUG_INFORMATION_FORMAT = "dwarf-with-dsym";
				ENABLE_NS_ASSERTIONS = NO;
				ENABLE_STRICT_OBJC_MSGSEND = YES;
				GCC_C_LANGUAGE_STANDARD = gnu99;
				GCC_NO_COMMON_BLOCKS = YES;
				GCC_WARN_64_TO_32_BIT_CONVERSION = YES;
				GCC_WARN_ABOUT_RETURN_TYPE = YES_ERROR;
				GCC_WARN_UNDECLARED_SELECTOR = YES;
				GCC_WARN_UNINITIALIZED_AUTOS = YES_AGGRESSIVE;
				GCC_WARN_UNUSED_FUNCTION = YES;
				GCC_WARN_UNUSED_VARIABLE = YES;
				IPHONEOS_DEPLOYMENT_TARGET = 9.3;
				MTL_ENABLE_DEBUG_INFO = NO;
				SDKROOT = iphoneos;
				VALIDATE_PRODUCT = YES;
			};
			name = Release;
		};
		2C2FE0CC1D78C31E0046EBCC /* Debug */ = {
			isa = XCBuildConfiguration;
			buildSettings = {
				ASSETCATALOG_COMPILER_APPICON_NAME = AppIcon;
				INFOPLIST_FILE = quiz_3/Info.plist;
				LD_RUNPATH_SEARCH_PATHS = "$(inherited) @executable_path/Frameworks";
				PRODUCT_BUNDLE_IDENTIFIER = "dots.quiz-3";
				PRODUCT_NAME = "$(TARGET_NAME)";
			};
			name = Debug;
		};
		2C2FE0CD1D78C31E0046EBCC /* Release */ = {
			isa = XCBuildConfiguration;
			buildSettings = {
				ASSETCATALOG_COMPILER_APPICON_NAME = AppIcon;
				INFOPLIST_FILE = quiz_3/Info.plist;
				LD_RUNPATH_SEARCH_PATHS = "$(inherited) @executable_path/Frameworks";
				PRODUCT_BUNDLE_IDENTIFIER = "dots.quiz-3";
				PRODUCT_NAME = "$(TARGET_NAME)";
			};
			name = Release;
		};
/* End XCBuildConfiguration section */

/* Begin XCConfigurationList section */
		2C2FE0B41D78C31E0046EBCC /* Build configuration list for PBXProject "quiz_3" */ = {
			isa = XCConfigurationList;
			buildConfigurations = (
				2C2FE0C91D78C31E0046EBCC /* Debug */,
				2C2FE0CA1D78C31E0046EBCC /* Release */,
			);
			defaultConfigurationIsVisible = 0;
			defaultConfigurationName = Release;
		};
		2C2FE0CB1D78C31E0046EBCC /* Build configuration list for PBXNativeTarget "quiz_3" */ = {
			isa = XCConfigurationList;
			buildConfigurations = (
				2C2FE0CC1D78C31E0046EBCC /* Debug */,
				2C2FE0CD1D78C31E0046EBCC /* Release */,
			);
			defaultConfigurationIsVisible = 0;
			defaultConfigurationName = Release;
		};
/* End XCConfigurationList section */
	};
	rootObject = 2C2FE0B11D78C31E0046EBCC /* Project object */;
}
